
Microsoft Visual Studio Solution File, Format Version 12.00
# Visual Studio Version 17
VisualStudioVersion = 17.8.34330.188
MinimumVisualStudioVersion = 10.0.40219.1
Project("{9A19103F-16F7-4668-BE54-9A1E7A4F7556}") = "RailswareMailtrap.Api", "RailswareMailtrap\RailswareMailtrap.Api.csproj", "{8C7C8C1A-96CC-426F-8A38-550753503AB0}"
EndProject
Project("{9A19103F-16F7-4668-BE54-9A1E7A4F7556}") = "RailswareMailtrap.Infrastructure", "RailswareMailtrap.Infrastructure\RailswareMailtrap.Infrastructure.csproj", "{1DD6911C-2BA9-486A-9F20-B8FEDA9958B8}"
EndProject
Project("{9A19103F-16F7-4668-BE54-9A1E7A4F7556}") = "RailswareMailtrap.Application", "RailswareMailtrap.Application\RailswareMailtrap.Application.csproj", "{8C44F288-C402-4153-B234-BDDB89DD0CCE}"
EndProject
Project("{FAE04EC0-301F-11D3-BF4B-00C04F79EFBC}") = "MailTrapUnitTests", "MailTrapUnitTests\MailTrapUnitTests.csproj", "{7A1EAAA5-9E80-47A4-A781-6B3986798168}"
EndProject
Global
	GlobalSection(SolutionConfigurationPlatforms) = preSolution
		Debug|Any CPU = Debug|Any CPU
		Release|Any CPU = Release|Any CPU
	EndGlobalSection
	GlobalSection(ProjectConfigurationPlatforms) = postSolution
		{8C7C8C1A-96CC-426F-8A38-550753503AB0}.Debug|Any CPU.ActiveCfg = Debug|Any CPU
		{8C7C8C1A-96CC-426F-8A38-550753503AB0}.Debug|Any CPU.Build.0 = Debug|Any CPU
		{8C7C8C1A-96CC-426F-8A38-550753503AB0}.Release|Any CPU.ActiveCfg = Release|Any CPU
		{8C7C8C1A-96CC-426F-8A38-550753503AB0}.Release|Any CPU.Build.0 = Release|Any CPU
		{1DD6911C-2BA9-486A-9F20-B8FEDA9958B8}.Debug|Any CPU.ActiveCfg = Debug|Any CPU
		{1DD6911C-2BA9-486A-9F20-B8FEDA9958B8}.Debug|Any CPU.Build.0 = Debug|Any CPU
		{1DD6911C-2BA9-486A-9F20-B8FEDA9958B8}.Release|Any CPU.ActiveCfg = Release|Any CPU
		{1DD6911C-2BA9-486A-9F20-B8FEDA9958B8}.Release|Any CPU.Build.0 = Release|Any CPU
		{8C44F288-C402-4153-B234-BDDB89DD0CCE}.Debug|Any CPU.ActiveCfg = Debug|Any CPU
		{8C44F288-C402-4153-B234-BDDB89DD0CCE}.Debug|Any CPU.Build.0 = Debug|Any CPU
		{8C44F288-C402-4153-B234-BDDB89DD0CCE}.Release|Any CPU.ActiveCfg = Release|Any CPU
		{8C44F288-C402-4153-B234-BDDB89DD0CCE}.Release|Any CPU.Build.0 = Release|Any CPU
		{7A1EAAA5-9E80-47A4-A781-6B3986798168}.Debug|Any CPU.ActiveCfg = Debug|Any CPU
		{7A1EAAA5-9E80-47A4-A781-6B3986798168}.Debug|Any CPU.Build.0 = Debug|Any CPU
		{7A1EAAA5-9E80-47A4-A781-6B3986798168}.Release|Any CPU.ActiveCfg = Release|Any CPU
		{7A1EAAA5-9E80-47A4-A781-6B3986798168}.Release|Any CPU.Build.0 = Release|Any CPU
	EndGlobalSection
	GlobalSection(SolutionProperties) = preSolution
		HideSolutionNode = FALSE
	EndGlobalSection
	GlobalSection(ExtensibilityGlobals) = postSolution
		SolutionGuid = {11DD7747-897E-48B0-A9EE-7B014ED2578F}
	EndGlobalSection
EndGlobal
